// !$*UTF8*$!
{
	archiveVersion = 1;
	classes = {
	};
	objectVersion = 46;
	objects = {

/* Begin PBXBuildFile section */
		952695E71B4373FD00752C6B /* main.m in Sources */ = {isa = PBXBuildFile; fileRef = 952695E61B4373FD00752C6B /* main.m */; };
		952695EA1B4373FD00752C6B /* AppDelegate.m in Sources */ = {isa = PBXBuildFile; fileRef = 952695E91B4373FD00752C6B /* AppDelegate.m */; };
		952695ED1B4373FD00752C6B /* ViewController.m in Sources */ = {isa = PBXBuildFile; fileRef = 952695EC1B4373FD00752C6B /* ViewController.m */; };
		952695F01B4373FD00752C6B /* Main.storyboard in Resources */ = {isa = PBXBuildFile; fileRef = 952695EE1B4373FD00752C6B /* Main.storyboard */; };
		952695F21B4373FD00752C6B /* Images.xcassets in Resources */ = {isa = PBXBuildFile; fileRef = 952695F11B4373FD00752C6B /* Images.xcassets */; };
		952695F51B4373FD00752C6B /* LaunchScreen.xib in Resources */ = {isa = PBXBuildFile; fileRef = 952695F31B4373FD00752C6B /* LaunchScreen.xib */; };
		952696011B4373FD00752C6B /* openTableTestTests.m in Sources */ = {isa = PBXBuildFile; fileRef = 952696001B4373FD00752C6B /* openTableTestTests.m */; };
/* End PBXBuildFile section */

/* Begin PBXContainerItemProxy section */
		952695FB1B4373FD00752C6B /* PBXContainerItemProxy */ = {
			isa = PBXContainerItemProxy;
			containerPortal = 952695D91B4373FD00752C6B /* Project object */;
			proxyType = 1;
			remoteGlobalIDString = 952695E01B4373FD00752C6B;
			remoteInfo = openTableTest;
		};
/* End PBXContainerItemProxy section */

/* Begin PBXFileReference section */
		952695E11B4373FD00752C6B /* openTableTest.app */ = {isa = PBXFileReference; explicitFileType = wrapper.application; includeInIndex = 0; path = openTableTest.app; sourceTree = BUILT_PRODUCTS_DIR; };
		952695E51B4373FD00752C6B /* Info.plist */ = {isa = PBXFileReference; lastKnownFileType = text.plist.xml; path = Info.plist; sourceTree = "<group>"; };
		952695E61B4373FD00752C6B /* main.m */ = {isa = PBXFileReference; lastKnownFileType = sourcecode.c.objc; path = main.m; sourceTree = "<group>"; };
		952695E81B4373FD00752C6B /* AppDelegate.h */ = {isa = PBXFileReference; lastKnownFileType = sourcecode.c.h; path = AppDelegate.h; sourceTree = "<group>"; };
		952695E91B4373FD00752C6B /* AppDelegate.m */ = {isa = PBXFileReference; lastKnownFileType = sourcecode.c.objc; path = AppDelegate.m; sourceTree = "<group>"; };
		952695EB1B4373FD00752C6B /* ViewController.h */ = {isa = PBXFileReference; lastKnownFileType = sourcecode.c.h; path = ViewController.h; sourceTree = "<group>"; };
		952695EC1B4373FD00752C6B /* ViewController.m */ = {isa = PBXFileReference; lastKnownFileType = sourcecode.c.objc; path = ViewController.m; sourceTree = "<group>"; };
		952695EF1B4373FD00752C6B /* Base */ = {isa = PBXFileReference; lastKnownFileType = file.storyboard; name = Base; path = Base.lproj/Main.storyboard; sourceTree = "<group>"; };
		952695F11B4373FD00752C6B /* Images.xcassets */ = {isa = PBXFileReference; lastKnownFileType = folder.assetcatalog; path = Images.xcassets; sourceTree = "<group>"; };
		952695F41B4373FD00752C6B /* Base */ = {isa = PBXFileReference; lastKnownFileType = file.xib; name = Base; path = Base.lproj/LaunchScreen.xib; sourceTree = "<group>"; };
		952695FA1B4373FD00752C6B /* openTableTestTests.xctest */ = {isa = PBXFileReference; explicitFileType = wrapper.cfbundle; includeInIndex = 0; path = openTableTestTests.xctest; sourceTree = BUILT_PRODUCTS_DIR; };
		952695FF1B4373FD00752C6B /* Info.plist */ = {isa = PBXFileReference; lastKnownFileType = text.plist.xml; path = Info.plist; sourceTree = "<group>"; };
		952696001B4373FD00752C6B /* openTableTestTests.m */ = {isa = PBXFileReference; lastKnownFileType = sourcecode.c.objc; path = openTableTestTests.m; sourceTree = "<group>"; };
/* End PBXFileReference section */

/* Begin PBXFrameworksBuildPhase section */
		952695DE1B4373FD00752C6B /* Frameworks */ = {
			isa = PBXFrameworksBuildPhase;
			buildActionMask = 2147483647;
			files = (
			);
			runOnlyForDeploymentPostprocessing = 0;
		};
		952695F71B4373FD00752C6B /* Frameworks */ = {
			isa = PBXFrameworksBuildPhase;
			buildActionMask = 2147483647;
			files = (
			);
			runOnlyForDeploymentPostprocessing = 0;
		};
/* End PBXFrameworksBuildPhase section */

/* Begin PBXGroup section */
		952695D81B4373FD00752C6B = {
			isa = PBXGroup;
			children = (
				952695E31B4373FD00752C6B /* openTableTest */,
				952695FD1B4373FD00752C6B /* openTableTestTests */,
				952695E21B4373FD00752C6B /* Products */,
			);
			sourceTree = "<group>";
		};
		952695E21B4373FD00752C6B /* Products */ = {
			isa = PBXGroup;
			children = (
				952695E11B4373FD00752C6B /* openTableTest.app */,
				952695FA1B4373FD00752C6B /* openTableTestTests.xctest */,
			);
			name = Products;
			sourceTree = "<group>";
		};
		952695E31B4373FD00752C6B /* openTableTest */ = {
			isa = PBXGroup;
			children = (
				952695E81B4373FD00752C6B /* AppDelegate.h */,
				952695E91B4373FD00752C6B /* AppDelegate.m */,
				952695EB1B4373FD00752C6B /* ViewController.h */,
				952695EC1B4373FD00752C6B /* ViewController.m */,
				952695EE1B4373FD00752C6B /* Main.storyboard */,
				952695F11B4373FD00752C6B /* Images.xcassets */,
				952695F31B4373FD00752C6B /* LaunchScreen.xib */,
				952695E41B4373FD00752C6B /* Supporting Files */,
			);
			path = openTableTest;
			sourceTree = "<group>";
		};
		952695E41B4373FD00752C6B /* Supporting Files */ = {
			isa = PBXGroup;
			children = (
				952695E51B4373FD00752C6B /* Info.plist */,
				952695E61B4373FD00752C6B /* main.m */,
			);
			name = "Supporting Files";
			sourceTree = "<group>";
		};
		952695FD1B4373FD00752C6B /* openTableTestTests */ = {
			isa = PBXGroup;
			children = (
				952696001B4373FD00752C6B /* openTableTestTests.m */,
				952695FE1B4373FD00752C6B /* Supporting Files */,
			);
			path = openTableTestTests;
			sourceTree = "<group>";
		};
		952695FE1B4373FD00752C6B /* Supporting Files */ = {
			isa = PBXGroup;
			children = (
				952695FF1B4373FD00752C6B /* Info.plist */,
			);
			name = "Supporting Files";
			sourceTree = "<group>";
		};
/* End PBXGroup section */

/* Begin PBXNativeTarget section */
		952695E01B4373FD00752C6B /* openTableTest */ = {
			isa = PBXNativeTarget;
			buildConfigurationList = 952696041B4373FD00752C6B /* Build configuration list for PBXNativeTarget "openTableTest" */;
			buildPhases = (
				952695DD1B4373FD00752C6B /* Sources */,
				952695DE1B4373FD00752C6B /* Frameworks */,
				952695DF1B4373FD00752C6B /* Resources */,
			);
			buildRules = (
			);
			dependencies = (
			);
			name = openTableTest;
			productName = openTableTest;
			productReference = 952695E11B4373FD00752C6B /* openTableTest.app */;
			productType = "com.apple.product-type.application";
		};
		952695F91B4373FD00752C6B /* openTableTestTests */ = {
			isa = PBXNativeTarget;
			buildConfigurationList = 952696071B4373FD00752C6B /* Build configuration list for PBXNativeTarget "openTableTestTests" */;
			buildPhases = (
				952695F61B4373FD00752C6B /* Sources */,
				952695F71B4373FD00752C6B /* Frameworks */,
				952695F81B4373FD00752C6B /* Resources */,
			);
			buildRules = (
			);
			dependencies = (
				952695FC1B4373FD00752C6B /* PBXTargetDependency */,
			);
			name = openTableTestTests;
			productName = openTableTestTests;
			productReference = 952695FA1B4373FD00752C6B /* openTableTestTests.xctest */;
			productType = "com.apple.product-type.bundle.unit-test";
		};
/* End PBXNativeTarget section */

/* Begin PBXProject section */
		952695D91B4373FD00752C6B /* Project object */ = {
			isa = PBXProject;
			attributes = {
				LastUpgradeCheck = 0630;
				ORGANIZATIONNAME = "Yidai Corp.";
				TargetAttributes = {
					952695E01B4373FD00752C6B = {
						CreatedOnToolsVersion = 6.3.2;
					};
					952695F91B4373FD00752C6B = {
						CreatedOnToolsVersion = 6.3.2;
						TestTargetID = 952695E01B4373FD00752C6B;
					};
				};
			};
			buildConfigurationList = 952695DC1B4373FD00752C6B /* Build configuration list for PBXProject "openTableTest" */;
			compatibilityVersion = "Xcode 3.2";
			developmentRegion = English;
			hasScannedForEncodings = 0;
			knownRegions = (
				en,
				Base,
			);
			mainGroup = 952695D81B4373FD00752C6B;
			productRefGroup = 952695E21B4373FD00752C6B /* Products */;
			projectDirPath = "";
			projectRoot = "";
			targets = (
				952695E01B4373FD00752C6B /* openTableTest */,
				952695F91B4373FD00752C6B /* openTableTestTests */,
			);
		};
/* End PBXProject section */

/* Begin PBXResourcesBuildPhase section */
		952695DF1B4373FD00752C6B /* Resources */ = {
			isa = PBXResourcesBuildPhase;
			buildActionMask = 2147483647;
			files = (
				952695F01B4373FD00752C6B /* Main.storyboard in Resources */,
				952695F51B4373FD00752C6B /* LaunchScreen.xib in Resources */,
				952695F21B4373FD00752C6B /* Images.xcassets in Resources */,
			);
			runOnlyForDeploymentPostprocessing = 0;
		};
		952695F81B4373FD00752C6B /* Resources */ = {
			isa = PBXResourcesBuildPhase;
			buildActionMask = 2147483647;
			files = (
			);
			runOnlyForDeploymentPostprocessing = 0;
		};
/* End PBXResourcesBuildPhase section */

/* Begin PBXSourcesBuildPhase section */
		952695DD1B4373FD00752C6B /* Sources */ = {
			isa = PBXSourcesBuildPhase;
			buildActionMask = 2147483647;
			files = (
				952695ED1B4373FD00752C6B /* ViewController.m in Sources */,
				952695EA1B4373FD00752C6B /* AppDelegate.m in Sources */,
				952695E71B4373FD00752C6B /* main.m in Sources */,
			);
			runOnlyForDeploymentPostprocessing = 0;
		};
		952695F61B4373FD00752C6B /* Sources */ = {
			isa = PBXSourcesBuildPhase;
			buildActionMask = 2147483647;
			files = (
				952696011B4373FD00752C6B /* openTableTestTests.m in Sources */,
			);
			runOnlyForDeploymentPostprocessing = 0;
		};
/* End PBXSourcesBuildPhase section */

/* Begin PBXTargetDependency section */
		952695FC1B4373FD00752C6B /* PBXTargetDependency */ = {
			isa = PBXTargetDependency;
			target = 952695E01B4373FD00752C6B /* openTableTest */;
			targetProxy = 952695FB1B4373FD00752C6B /* PBXContainerItemProxy */;
		};
/* End PBXTargetDependency section */

/* Begin PBXVariantGroup section */
		952695EE1B4373FD00752C6B /* Main.storyboard */ = {
			isa = PBXVariantGroup;
			children = (
				952695EF1B4373FD00752C6B /* Base */,
			);
			name = Main.storyboard;
			sourceTree = "<group>";
		};
		952695F31B4373FD00752C6B /* LaunchScreen.xib */ = {
			isa = PBXVariantGroup;
			children = (
				952695F41B4373FD00752C6B /* Base */,
			);
			name = LaunchScreen.xib;
			sourceTree = "<group>";
		};
/* End PBXVariantGroup section */

/* Begin XCBuildConfiguration section */
		952696021B4373FD00752C6B /* Debug */ = {
			isa = XCBuildConfiguration;
			buildSettings = {
				ALWAYS_SEARCH_USER_PATHS = NO;
				CLANG_CXX_LANGUAGE_STANDARD = "gnu++0x";
				CLANG_CXX_LIBRARY = "libc++";
				CLANG_ENABLE_MODULES = YES;
				CLANG_ENABLE_OBJC_ARC = YES;
				CLANG_WARN_BOOL_CONVERSION = YES;
				CLANG_WARN_CONSTANT_CONVERSION = YES;
				CLANG_WARN_DIRECT_OBJC_ISA_USAGE = YES_ERROR;
				CLANG_WARN_EMPTY_BODY = YES;
				CLANG_WARN_ENUM_CONVERSION = YES;
				CLANG_WARN_INT_CONVERSION = YES;
				CLANG_WARN_OBJC_ROOT_CLASS = YES_ERROR;
				CLANG_WARN_UNREACHABLE_CODE = YES;
				CLANG_WARN__DUPLICATE_METHOD_MATCH = YES;
				"CODE_SIGN_IDENTITY[sdk=iphoneos*]" = "iPhone Developer";
				COPY_PHASE_STRIP = NO;
				DEBUG_INFORMATION_FORMAT = "dwarf-with-dsym";
				ENABLE_STRICT_OBJC_MSGSEND = YES;
				GCC_C_LANGUAGE_STANDARD = gnu99;
				GCC_DYNAMIC_NO_PIC = NO;
				GCC_NO_COMMON_BLOCKS = YES;
				GCC_OPTIMIZATION_LEVEL = 0;
				GCC_PREPROCESSOR_DEFINITIONS = (
					"DEBUG=1",
					"$(inherited)",
				);
				GCC_SYMBOLS_PRIVATE_EXTERN = NO;
				GCC_WARN_64_TO_32_BIT_CONVERSION = YES;
				GCC_WARN_ABOUT_RETURN_TYPE = YES_ERROR;
				GCC_WARN_UNDECLARED_SELECTOR = YES;
				GCC_WARN_UNINITIALIZED_AUTOS = YES_AGGRESSIVE;
				GCC_WARN_UNUSED_FUNCTION = YES;
				GCC_WARN_UNUSED_VARIABLE = YES;
				IPHONEOS_DEPLOYMENT_TARGET = 8.3;
				MTL_ENABLE_DEBUG_INFO = YES;
				ONLY_ACTIVE_ARCH = YES;
				SDKROOT = iphoneos;
			};
			name = Debug;
		};
		952696031B4373FD00752C6B /* Release */ = {
			isa = XCBuildConfiguration;
			buildSettings = {
				ALWAYS_SEARCH_USER_PATHS = NO;
				CLANG_CXX_LANGUAGE_STANDARD = "gnu++0x";
				CLANG_CXX_LIBRARY = "libc++";
				CLANG_ENABLE_MODULES = YES;
				CLANG_ENABLE_OBJC_ARC = YES;
				CLANG_WARN_BOOL_CONVERSION = YES;
				CLANG_WARN_CONSTANT_CONVERSION = YES;
				CLANG_WARN_DIRECT_OBJC_ISA_USAGE = YES_ERROR;
				CLANG_WARN_EMPTY_BODY = YES;
				CLANG_WARN_ENUM_CONVERSION = YES;
				CLANG_WARN_INT_CONVERSION = YES;
				CLANG_WARN_OBJC_ROOT_CLASS = YES_ERROR;
				CLANG_WARN_UNREACHABLE_CODE = YES;
				CLANG_WARN__DUPLICATE_METHOD_MATCH = YES;
				"CODE_SIGN_IDENTITY[sdk=iphoneos*]" = "iPhone Developer";
				COPY_PHASE_STRIP = NO;
				DEBUG_INFORMATION_FORMAT = "dwarf-with-dsym";
				ENABLE_NS_ASSERTIONS = NO;
				ENABLE_STRICT_OBJC_MSGSEND = YES;
				GCC_C_LANGUAGE_STANDARD = gnu99;
				GCC_NO_COMMON_BLOCKS = YES;
				GCC_WARN_64_TO_32_BIT_CONVERSION = YES;
				GCC_WARN_ABOUT_RETURN_TYPE = YES_ERROR;
				GCC_WARN_UNDECLARED_SELECTOR = YES;
				GCC_WARN_UNINITIALIZED_AUTOS = YES_AGGRESSIVE;
				GCC_WARN_UNUSED_FUNCTION = YES;
				GCC_WARN_UNUSED_VARIABLE = YES;
				IPHONEOS_DEPLOYMENT_TARGET = 8.3;
				MTL_ENABLE_DEBUG_INFO = NO;
				SDKROOT = iphoneos;
				VALIDATE_PRODUCT = YES;
			};
			name = Release;
		};
		952696051B4373FD00752C6B /* Debug */ = {
			isa = XCBuildConfiguration;
			buildSettings = {
				ASSETCATALOG_COMPILER_APPICON_NAME = AppIcon;
				INFOPLIST_FILE = openTableTest/Info.plist;
				LD_RUNPATH_SEARCH_PATHS = "$(inherited) @executable_path/Frameworks";
				PRODUCT_NAME = "$(TARGET_NAME)";
			};
			name = Debug;
		};
		952696061B4373FD00752C6B /* Release */ = {
			isa = XCBuildConfiguration;
			buildSettings = {
				ASSETCATALOG_COMPILER_APPICON_NAME = AppIcon;
				INFOPLIST_FILE = openTableTest/Info.plist;
				LD_RUNPATH_SEARCH_PATHS = "$(inherited) @executable_path/Frameworks";
				PRODUCT_NAME = "$(TARGET_NAME)";
			};
			name = Release;
		};
		952696081B4373FD00752C6B /* Debug */ = {
			isa = XCBuildConfiguration;
			buildSettings = {
				BUNDLE_LOADER = "$(TEST_HOST)";
				FRAMEWORK_SEARCH_PATHS = (
					"$(SDKROOT)/Developer/Library/Frameworks",
					"$(inherited)",
				);
				GCC_PREPROCESSOR_DEFINITIONS = (
					"DEBUG=1",
					"$(inherited)",
				);
				INFOPLIST_FILE = openTableTestTests/Info.plist;
				LD_RUNPATH_SEARCH_PATHS = "$(inherited) @executable_path/Frameworks @loader_path/Frameworks";
				PRODUCT_NAME = "$(TARGET_NAME)";
				TEST_HOST = "$(BUILT_PRODUCTS_DIR)/openTableTest.app/openTableTest";
			};
			name = Debug;
		};
		952696091B4373FD00752C6B /* Release */ = {
			isa = XCBuildConfiguration;
			buildSettings = {
				BUNDLE_LOADER = "$(TEST_HOST)";
				FRAMEWORK_SEARCH_PATHS = (
					"$(SDKROOT)/Developer/Library/Frameworks",
					"$(inherited)",
				);
				INFOPLIST_FILE = openTableTestTests/Info.plist;
				LD_RUNPATH_SEARCH_PATHS = "$(inherited) @executable_path/Frameworks @loader_path/Frameworks";
				PRODUCT_NAME = "$(TARGET_NAME)";
				TEST_HOST = "$(BUILT_PRODUCTS_DIR)/openTableTest.app/openTableTest";
			};
			name = Release;
		};
/* End XCBuildConfiguration section */

/* Begin XCConfigurationList section */
		952695DC1B4373FD00752C6B /* Build configuration list for PBXProject "openTableTest" */ = {
			isa = XCConfigurationList;
			buildConfigurations = (
				952696021B4373FD00752C6B /* Debug */,
				952696031B4373FD00752C6B /* Release */,
			);
			defaultConfigurationIsVisible = 0;
			defaultConfigurationName = Release;
		};
		952696041B4373FD00752C6B /* Build configuration list for PBXNativeTarget "openTableTest" */ = {
			isa = XCConfigurationList;
			buildConfigurations = (
				952696051B4373FD00752C6B /* Debug */,
				952696061B4373FD00752C6B /* Release */,
			);
			defaultConfigurationIsVisible = 0;
		};
		952696071B4373FD00752C6B /* Build configuration list for PBXNativeTarget "openTableTestTests" */ = {
			isa = XCConfigurationList;
			buildConfigurations = (
				952696081B4373FD00752C6B /* Debug */,
				952696091B4373FD00752C6B /* Release */,
			);
			defaultConfigurationIsVisible = 0;
		};
/* End XCConfigurationList section */
	};
	rootObject = 952695D91B4373FD00752C6B /* Project object */;
}
